
Microsoft Visual Studio Solution File, Format Version 12.00
# Visual Studio 15
VisualStudioVersion = 15.0.28307.271
MinimumVisualStudioVersion = 10.0.40219.1
Project("{FAE04EC0-301F-11D3-BF4B-00C04F79EFBC}") = "op_3", "op_3.csproj", "{C8FD8D72-DB3E-4580-9C35-9FB4F3FCB161}"
EndProject
Global
	GlobalSection(SolutionConfigurationPlatforms) = preSolution
		Debug|Any CPU = Debug|Any CPU
		Release|Any CPU = Release|Any CPU
	EndGlobalSection
	GlobalSection(ProjectConfigurationPlatforms) = postSolution
		{C8FD8D72-DB3E-4580-9C35-9FB4F3FCB161}.Debug|Any CPU.ActiveCfg = Debug|Any CPU
		{C8FD8D72-DB3E-4580-9C35-9FB4F3FCB161}.Debug|Any CPU.Build.0 = Debug|Any CPU
		{C8FD8D72-DB3E-4580-9C35-9FB4F3FCB161}.Release|Any CPU.ActiveCfg = Release|Any CPU
		{C8FD8D72-DB3E-4580-9C35-9FB4F3FCB161}.Release|Any CPU.Build.0 = Release|Any CPU
	EndGlobalSection
	GlobalSection(SolutionProperties) = preSolution
		HideSolutionNode = FALSE
	EndGlobalSection
	GlobalSection(ExtensibilityGlobals) = postSolution
		SolutionGuid = {7D48292B-A59E-405D-BF29-EDA73E2F8CE4}
	EndGlobalSection
EndGlobal
